// !$*UTF8*$!
{
	archiveVersion = 1;
	classes = {
	};
	objectVersion = 50;
	objects = {

/* Begin PBXBuildFile section */
		B388B9F7241FFC1A008A7E7A /* AppDelegate.swift in Sources */ = {isa = PBXBuildFile; fileRef = B388B9F6241FFC1A008A7E7A /* AppDelegate.swift */; };
		B388B9F9241FFC1A008A7E7A /* SceneDelegate.swift in Sources */ = {isa = PBXBuildFile; fileRef = B388B9F8241FFC1A008A7E7A /* SceneDelegate.swift */; };
		B388B9FB241FFC1A008A7E7A /* ViewController.swift in Sources */ = {isa = PBXBuildFile; fileRef = B388B9FA241FFC1A008A7E7A /* ViewController.swift */; };
		B388B9FE241FFC1A008A7E7A /* Main.storyboard in Resources */ = {isa = PBXBuildFile; fileRef = B388B9FC241FFC1A008A7E7A /* Main.storyboard */; };
		B388BA00241FFC1C008A7E7A /* Assets.xcassets in Resources */ = {isa = PBXBuildFile; fileRef = B388B9FF241FFC1C008A7E7A /* Assets.xcassets */; };
		B388BA03241FFC1C008A7E7A /* LaunchScreen.storyboard in Resources */ = {isa = PBXBuildFile; fileRef = B388BA01241FFC1C008A7E7A /* LaunchScreen.storyboard */; };
		B388BA202420132A008A7E7A /* NSObject_Rx.framework in Frameworks */ = {isa = PBXBuildFile; fileRef = B388BA0F2420132A008A7E7A /* NSObject_Rx.framework */; };
		B388BA212420132A008A7E7A /* NSObject_Rx.framework in Embed Frameworks */ = {isa = PBXBuildFile; fileRef = B388BA0F2420132A008A7E7A /* NSObject_Rx.framework */; settings = {ATTRIBUTES = (CodeSignOnCopy, RemoveHeadersOnCopy, ); }; };
		B388BA222420132A008A7E7A /* RxMoya.framework in Frameworks */ = {isa = PBXBuildFile; fileRef = B388BA102420132A008A7E7A /* RxMoya.framework */; };
		B388BA232420132A008A7E7A /* RxMoya.framework in Embed Frameworks */ = {isa = PBXBuildFile; fileRef = B388BA102420132A008A7E7A /* RxMoya.framework */; settings = {ATTRIBUTES = (CodeSignOnCopy, RemoveHeadersOnCopy, ); }; };
		B388BA242420132A008A7E7A /* Action.framework in Frameworks */ = {isa = PBXBuildFile; fileRef = B388BA112420132A008A7E7A /* Action.framework */; };
		B388BA252420132A008A7E7A /* Action.framework in Embed Frameworks */ = {isa = PBXBuildFile; fileRef = B388BA112420132A008A7E7A /* Action.framework */; settings = {ATTRIBUTES = (CodeSignOnCopy, RemoveHeadersOnCopy, ); }; };
		B388BA262420132A008A7E7A /* RxSwiftExt.framework in Frameworks */ = {isa = PBXBuildFile; fileRef = B388BA122420132A008A7E7A /* RxSwiftExt.framework */; };
		B388BA272420132A008A7E7A /* RxSwiftExt.framework in Embed Frameworks */ = {isa = PBXBuildFile; fileRef = B388BA122420132A008A7E7A /* RxSwiftExt.framework */; settings = {ATTRIBUTES = (CodeSignOnCopy, RemoveHeadersOnCopy, ); }; };
		B388BA282420132A008A7E7A /* Moya.framework in Frameworks */ = {isa = PBXBuildFile; fileRef = B388BA132420132A008A7E7A /* Moya.framework */; };
		B388BA292420132A008A7E7A /* Moya.framework in Embed Frameworks */ = {isa = PBXBuildFile; fileRef = B388BA132420132A008A7E7A /* Moya.framework */; settings = {ATTRIBUTES = (CodeSignOnCopy, RemoveHeadersOnCopy, ); }; };
		B388BA2A2420132A008A7E7A /* RxCocoa.framework in Frameworks */ = {isa = PBXBuildFile; fileRef = B388BA142420132A008A7E7A /* RxCocoa.framework */; };
		B388BA2B2420132A008A7E7A /* RxCocoa.framework in Embed Frameworks */ = {isa = PBXBuildFile; fileRef = B388BA142420132A008A7E7A /* RxCocoa.framework */; settings = {ATTRIBUTES = (CodeSignOnCopy, RemoveHeadersOnCopy, ); }; };
		B388BA2C2420132A008A7E7A /* ReactiveSwift.framework in Frameworks */ = {isa = PBXBuildFile; fileRef = B388BA152420132A008A7E7A /* ReactiveSwift.framework */; };
		B388BA2D2420132A008A7E7A /* ReactiveSwift.framework in Embed Frameworks */ = {isa = PBXBuildFile; fileRef = B388BA152420132A008A7E7A /* ReactiveSwift.framework */; settings = {ATTRIBUTES = (CodeSignOnCopy, RemoveHeadersOnCopy, ); }; };
		B388BA2E2420132A008A7E7A /* ReactiveMoya.framework in Frameworks */ = {isa = PBXBuildFile; fileRef = B388BA162420132A008A7E7A /* ReactiveMoya.framework */; };
		B388BA2F2420132A008A7E7A /* ReactiveMoya.framework in Embed Frameworks */ = {isa = PBXBuildFile; fileRef = B388BA162420132A008A7E7A /* ReactiveMoya.framework */; settings = {ATTRIBUTES = (CodeSignOnCopy, RemoveHeadersOnCopy, ); }; };
		B388BA302420132A008A7E7A /* RxDataSources.framework in Frameworks */ = {isa = PBXBuildFile; fileRef = B388BA172420132A008A7E7A /* RxDataSources.framework */; };
		B388BA312420132A008A7E7A /* RxDataSources.framework in Embed Frameworks */ = {isa = PBXBuildFile; fileRef = B388BA172420132A008A7E7A /* RxDataSources.framework */; settings = {ATTRIBUTES = (CodeSignOnCopy, RemoveHeadersOnCopy, ); }; };
		B388BA322420132B008A7E7A /* RxSwift.framework in Frameworks */ = {isa = PBXBuildFile; fileRef = B388BA182420132A008A7E7A /* RxSwift.framework */; };
		B388BA332420132B008A7E7A /* RxSwift.framework in Embed Frameworks */ = {isa = PBXBuildFile; fileRef = B388BA182420132A008A7E7A /* RxSwift.framework */; settings = {ATTRIBUTES = (CodeSignOnCopy, RemoveHeadersOnCopy, ); }; };
		B388BA342420132B008A7E7A /* RxRelay.framework in Frameworks */ = {isa = PBXBuildFile; fileRef = B388BA192420132A008A7E7A /* RxRelay.framework */; };
		B388BA352420132B008A7E7A /* RxRelay.framework in Embed Frameworks */ = {isa = PBXBuildFile; fileRef = B388BA192420132A008A7E7A /* RxRelay.framework */; settings = {ATTRIBUTES = (CodeSignOnCopy, RemoveHeadersOnCopy, ); }; };
		B388BA362420132B008A7E7A /* Swinject.framework in Frameworks */ = {isa = PBXBuildFile; fileRef = B388BA1A2420132A008A7E7A /* Swinject.framework */; };
		B388BA372420132B008A7E7A /* Swinject.framework in Embed Frameworks */ = {isa = PBXBuildFile; fileRef = B388BA1A2420132A008A7E7A /* Swinject.framework */; settings = {ATTRIBUTES = (CodeSignOnCopy, RemoveHeadersOnCopy, ); }; };
		B388BA382420132B008A7E7A /* SwinjectAutoregistration.framework in Frameworks */ = {isa = PBXBuildFile; fileRef = B388BA1B2420132A008A7E7A /* SwinjectAutoregistration.framework */; };
		B388BA392420132B008A7E7A /* SwinjectAutoregistration.framework in Embed Frameworks */ = {isa = PBXBuildFile; fileRef = B388BA1B2420132A008A7E7A /* SwinjectAutoregistration.framework */; settings = {ATTRIBUTES = (CodeSignOnCopy, RemoveHeadersOnCopy, ); }; };
		B388BA3A2420132B008A7E7A /* Differentiator.framework in Frameworks */ = {isa = PBXBuildFile; fileRef = B388BA1C2420132A008A7E7A /* Differentiator.framework */; };
		B388BA3B2420132B008A7E7A /* Differentiator.framework in Embed Frameworks */ = {isa = PBXBuildFile; fileRef = B388BA1C2420132A008A7E7A /* Differentiator.framework */; settings = {ATTRIBUTES = (CodeSignOnCopy, RemoveHeadersOnCopy, ); }; };
		B388BA3C2420132B008A7E7A /* RxTest.framework in Frameworks */ = {isa = PBXBuildFile; fileRef = B388BA1D2420132A008A7E7A /* RxTest.framework */; };
		B388BA3D2420132B008A7E7A /* RxTest.framework in Embed Frameworks */ = {isa = PBXBuildFile; fileRef = B388BA1D2420132A008A7E7A /* RxTest.framework */; settings = {ATTRIBUTES = (CodeSignOnCopy, RemoveHeadersOnCopy, ); }; };
		B388BA3E2420132B008A7E7A /* RxBlocking.framework in Frameworks */ = {isa = PBXBuildFile; fileRef = B388BA1E2420132A008A7E7A /* RxBlocking.framework */; };
		B388BA3F2420132B008A7E7A /* RxBlocking.framework in Embed Frameworks */ = {isa = PBXBuildFile; fileRef = B388BA1E2420132A008A7E7A /* RxBlocking.framework */; settings = {ATTRIBUTES = (CodeSignOnCopy, RemoveHeadersOnCopy, ); }; };
		B388BA402420132B008A7E7A /* Alamofire.framework in Frameworks */ = {isa = PBXBuildFile; fileRef = B388BA1F2420132A008A7E7A /* Alamofire.framework */; };
		B388BA412420132B008A7E7A /* Alamofire.framework in Embed Frameworks */ = {isa = PBXBuildFile; fileRef = B388BA1F2420132A008A7E7A /* Alamofire.framework */; settings = {ATTRIBUTES = (CodeSignOnCopy, RemoveHeadersOnCopy, ); }; };
		B388BA4824201F70008A7E7A /* Movie.swift in Sources */ = {isa = PBXBuildFile; fileRef = B388BA4724201F70008A7E7A /* Movie.swift */; };
		B388BA4C24201FFC008A7E7A /* MovieMock.swift in Sources */ = {isa = PBXBuildFile; fileRef = B388BA4B24201FFC008A7E7A /* MovieMock.swift */; };
		B388BA4F2420B6E9008A7E7A /* SwInject.swift in Sources */ = {isa = PBXBuildFile; fileRef = B388BA4E2420B6E9008A7E7A /* SwInject.swift */; };
		B388BA552420ECF2008A7E7A /* ViewModel.swift in Sources */ = {isa = PBXBuildFile; fileRef = B388BA542420ECF2008A7E7A /* ViewModel.swift */; };
		B388BA572420F15E008A7E7A /* MovieService.swift in Sources */ = {isa = PBXBuildFile; fileRef = B388BA562420F15E008A7E7A /* MovieService.swift */; };
		B388BA592420FD4C008A7E7A /* BindableType.swift in Sources */ = {isa = PBXBuildFile; fileRef = B388BA582420FD4C008A7E7A /* BindableType.swift */; };
		B3B09C68242107130053ABEA /* MovieCell.swift in Sources */ = {isa = PBXBuildFile; fileRef = B3B09C67242107130053ABEA /* MovieCell.swift */; };
		B3B09C6A242108160053ABEA /* MovieCell.xib in Resources */ = {isa = PBXBuildFile; fileRef = B3B09C69242108160053ABEA /* MovieCell.xib */; };
		B3B09C6C24210B280053ABEA /* Configurable.swift in Sources */ = {isa = PBXBuildFile; fileRef = B3B09C6B24210B280053ABEA /* Configurable.swift */; };
/* End PBXBuildFile section */

/* Begin PBXCopyFilesBuildPhase section */
		B388BA422420132B008A7E7A /* Embed Frameworks */ = {
			isa = PBXCopyFilesBuildPhase;
			buildActionMask = 2147483647;
			dstPath = "";
			dstSubfolderSpec = 10;
			files = (
				B388BA3B2420132B008A7E7A /* Differentiator.framework in Embed Frameworks */,
				B388BA392420132B008A7E7A /* SwinjectAutoregistration.framework in Embed Frameworks */,
				B388BA332420132B008A7E7A /* RxSwift.framework in Embed Frameworks */,
				B388BA3F2420132B008A7E7A /* RxBlocking.framework in Embed Frameworks */,
				B388BA412420132B008A7E7A /* Alamofire.framework in Embed Frameworks */,
				B388BA312420132A008A7E7A /* RxDataSources.framework in Embed Frameworks */,
				B388BA2B2420132A008A7E7A /* RxCocoa.framework in Embed Frameworks */,
				B388BA2D2420132A008A7E7A /* ReactiveSwift.framework in Embed Frameworks */,
				B388BA272420132A008A7E7A /* RxSwiftExt.framework in Embed Frameworks */,
				B388BA2F2420132A008A7E7A /* ReactiveMoya.framework in Embed Frameworks */,
				B388BA3D2420132B008A7E7A /* RxTest.framework in Embed Frameworks */,
				B388BA292420132A008A7E7A /* Moya.framework in Embed Frameworks */,
				B388BA232420132A008A7E7A /* RxMoya.framework in Embed Frameworks */,
				B388BA252420132A008A7E7A /* Action.framework in Embed Frameworks */,
				B388BA372420132B008A7E7A /* Swinject.framework in Embed Frameworks */,
				B388BA212420132A008A7E7A /* NSObject_Rx.framework in Embed Frameworks */,
				B388BA352420132B008A7E7A /* RxRelay.framework in Embed Frameworks */,
			);
			name = "Embed Frameworks";
			runOnlyForDeploymentPostprocessing = 0;
		};
/* End PBXCopyFilesBuildPhase section */

/* Begin PBXFileReference section */
		B388B9F3241FFC1A008A7E7A /* VNGRS-MovieAPP.app */ = {isa = PBXFileReference; explicitFileType = wrapper.application; includeInIndex = 0; path = "VNGRS-MovieAPP.app"; sourceTree = BUILT_PRODUCTS_DIR; };
		B388B9F6241FFC1A008A7E7A /* AppDelegate.swift */ = {isa = PBXFileReference; lastKnownFileType = sourcecode.swift; path = AppDelegate.swift; sourceTree = "<group>"; };
		B388B9F8241FFC1A008A7E7A /* SceneDelegate.swift */ = {isa = PBXFileReference; lastKnownFileType = sourcecode.swift; path = SceneDelegate.swift; sourceTree = "<group>"; };
		B388B9FA241FFC1A008A7E7A /* ViewController.swift */ = {isa = PBXFileReference; lastKnownFileType = sourcecode.swift; path = ViewController.swift; sourceTree = "<group>"; };
		B388B9FD241FFC1A008A7E7A /* Base */ = {isa = PBXFileReference; lastKnownFileType = file.storyboard; name = Base; path = Base.lproj/Main.storyboard; sourceTree = "<group>"; };
		B388B9FF241FFC1C008A7E7A /* Assets.xcassets */ = {isa = PBXFileReference; lastKnownFileType = folder.assetcatalog; path = Assets.xcassets; sourceTree = "<group>"; };
		B388BA02241FFC1C008A7E7A /* Base */ = {isa = PBXFileReference; lastKnownFileType = file.storyboard; name = Base; path = Base.lproj/LaunchScreen.storyboard; sourceTree = "<group>"; };
		B388BA04241FFC1C008A7E7A /* Info.plist */ = {isa = PBXFileReference; lastKnownFileType = text.plist.xml; path = Info.plist; sourceTree = "<group>"; };
		B388BA0F2420132A008A7E7A /* NSObject_Rx.framework */ = {isa = PBXFileReference; lastKnownFileType = wrapper.framework; name = NSObject_Rx.framework; path = Carthage/Build/iOS/NSObject_Rx.framework; sourceTree = "<group>"; };
		B388BA102420132A008A7E7A /* RxMoya.framework */ = {isa = PBXFileReference; lastKnownFileType = wrapper.framework; name = RxMoya.framework; path = Carthage/Build/iOS/RxMoya.framework; sourceTree = "<group>"; };
		B388BA112420132A008A7E7A /* Action.framework */ = {isa = PBXFileReference; lastKnownFileType = wrapper.framework; name = Action.framework; path = Carthage/Build/iOS/Action.framework; sourceTree = "<group>"; };
		B388BA122420132A008A7E7A /* RxSwiftExt.framework */ = {isa = PBXFileReference; lastKnownFileType = wrapper.framework; name = RxSwiftExt.framework; path = Carthage/Build/iOS/RxSwiftExt.framework; sourceTree = "<group>"; };
		B388BA132420132A008A7E7A /* Moya.framework */ = {isa = PBXFileReference; lastKnownFileType = wrapper.framework; name = Moya.framework; path = Carthage/Build/iOS/Moya.framework; sourceTree = "<group>"; };
		B388BA142420132A008A7E7A /* RxCocoa.framework */ = {isa = PBXFileReference; lastKnownFileType = wrapper.framework; name = RxCocoa.framework; path = Carthage/Build/iOS/RxCocoa.framework; sourceTree = "<group>"; };
		B388BA152420132A008A7E7A /* ReactiveSwift.framework */ = {isa = PBXFileReference; lastKnownFileType = wrapper.framework; name = ReactiveSwift.framework; path = Carthage/Build/iOS/ReactiveSwift.framework; sourceTree = "<group>"; };
		B388BA162420132A008A7E7A /* ReactiveMoya.framework */ = {isa = PBXFileReference; lastKnownFileType = wrapper.framework; name = ReactiveMoya.framework; path = Carthage/Build/iOS/ReactiveMoya.framework; sourceTree = "<group>"; };
		B388BA172420132A008A7E7A /* RxDataSources.framework */ = {isa = PBXFileReference; lastKnownFileType = wrapper.framework; name = RxDataSources.framework; path = Carthage/Build/iOS/RxDataSources.framework; sourceTree = "<group>"; };
		B388BA182420132A008A7E7A /* RxSwift.framework */ = {isa = PBXFileReference; lastKnownFileType = wrapper.framework; name = RxSwift.framework; path = Carthage/Build/iOS/RxSwift.framework; sourceTree = "<group>"; };
		B388BA192420132A008A7E7A /* RxRelay.framework */ = {isa = PBXFileReference; lastKnownFileType = wrapper.framework; name = RxRelay.framework; path = Carthage/Build/iOS/RxRelay.framework; sourceTree = "<group>"; };
		B388BA1A2420132A008A7E7A /* Swinject.framework */ = {isa = PBXFileReference; lastKnownFileType = wrapper.framework; name = Swinject.framework; path = Carthage/Build/iOS/Swinject.framework; sourceTree = "<group>"; };
		B388BA1B2420132A008A7E7A /* SwinjectAutoregistration.framework */ = {isa = PBXFileReference; lastKnownFileType = wrapper.framework; name = SwinjectAutoregistration.framework; path = Carthage/Build/iOS/SwinjectAutoregistration.framework; sourceTree = "<group>"; };
		B388BA1C2420132A008A7E7A /* Differentiator.framework */ = {isa = PBXFileReference; lastKnownFileType = wrapper.framework; name = Differentiator.framework; path = Carthage/Build/iOS/Differentiator.framework; sourceTree = "<group>"; };
		B388BA1D2420132A008A7E7A /* RxTest.framework */ = {isa = PBXFileReference; lastKnownFileType = wrapper.framework; name = RxTest.framework; path = Carthage/Build/iOS/RxTest.framework; sourceTree = "<group>"; };
		B388BA1E2420132A008A7E7A /* RxBlocking.framework */ = {isa = PBXFileReference; lastKnownFileType = wrapper.framework; name = RxBlocking.framework; path = Carthage/Build/iOS/RxBlocking.framework; sourceTree = "<group>"; };
		B388BA1F2420132A008A7E7A /* Alamofire.framework */ = {isa = PBXFileReference; lastKnownFileType = wrapper.framework; name = Alamofire.framework; path = Carthage/Build/iOS/Alamofire.framework; sourceTree = "<group>"; };
		B388BA4724201F70008A7E7A /* Movie.swift */ = {isa = PBXFileReference; lastKnownFileType = sourcecode.swift; path = Movie.swift; sourceTree = "<group>"; };
		B388BA4B24201FFC008A7E7A /* MovieMock.swift */ = {isa = PBXFileReference; lastKnownFileType = sourcecode.swift; path = MovieMock.swift; sourceTree = "<group>"; };
		B388BA4E2420B6E9008A7E7A /* SwInject.swift */ = {isa = PBXFileReference; lastKnownFileType = sourcecode.swift; path = SwInject.swift; sourceTree = "<group>"; };
		B388BA542420ECF2008A7E7A /* ViewModel.swift */ = {isa = PBXFileReference; lastKnownFileType = sourcecode.swift; path = ViewModel.swift; sourceTree = "<group>"; };
		B388BA562420F15E008A7E7A /* MovieService.swift */ = {isa = PBXFileReference; lastKnownFileType = sourcecode.swift; path = MovieService.swift; sourceTree = "<group>"; };
		B388BA582420FD4C008A7E7A /* BindableType.swift */ = {isa = PBXFileReference; lastKnownFileType = sourcecode.swift; path = BindableType.swift; sourceTree = "<group>"; };
		B3B09C67242107130053ABEA /* MovieCell.swift */ = {isa = PBXFileReference; lastKnownFileType = sourcecode.swift; path = MovieCell.swift; sourceTree = "<group>"; };
		B3B09C69242108160053ABEA /* MovieCell.xib */ = {isa = PBXFileReference; lastKnownFileType = file.xib; path = MovieCell.xib; sourceTree = "<group>"; };
		B3B09C6B24210B280053ABEA /* Configurable.swift */ = {isa = PBXFileReference; lastKnownFileType = sourcecode.swift; path = Configurable.swift; sourceTree = "<group>"; };
/* End PBXFileReference section */

/* Begin PBXFrameworksBuildPhase section */
		B388B9F0241FFC1A008A7E7A /* Frameworks */ = {
			isa = PBXFrameworksBuildPhase;
			buildActionMask = 2147483647;
			files = (
				B388BA3A2420132B008A7E7A /* Differentiator.framework in Frameworks */,
				B388BA382420132B008A7E7A /* SwinjectAutoregistration.framework in Frameworks */,
				B388BA322420132B008A7E7A /* RxSwift.framework in Frameworks */,
				B388BA3E2420132B008A7E7A /* RxBlocking.framework in Frameworks */,
				B388BA402420132B008A7E7A /* Alamofire.framework in Frameworks */,
				B388BA302420132A008A7E7A /* RxDataSources.framework in Frameworks */,
				B388BA2A2420132A008A7E7A /* RxCocoa.framework in Frameworks */,
				B388BA2C2420132A008A7E7A /* ReactiveSwift.framework in Frameworks */,
				B388BA262420132A008A7E7A /* RxSwiftExt.framework in Frameworks */,
				B388BA2E2420132A008A7E7A /* ReactiveMoya.framework in Frameworks */,
				B388BA3C2420132B008A7E7A /* RxTest.framework in Frameworks */,
				B388BA282420132A008A7E7A /* Moya.framework in Frameworks */,
				B388BA222420132A008A7E7A /* RxMoya.framework in Frameworks */,
				B388BA242420132A008A7E7A /* Action.framework in Frameworks */,
				B388BA362420132B008A7E7A /* Swinject.framework in Frameworks */,
				B388BA202420132A008A7E7A /* NSObject_Rx.framework in Frameworks */,
				B388BA342420132B008A7E7A /* RxRelay.framework in Frameworks */,
			);
			runOnlyForDeploymentPostprocessing = 0;
		};
/* End PBXFrameworksBuildPhase section */

/* Begin PBXGroup section */
		B388B9EA241FFC1A008A7E7A = {
			isa = PBXGroup;
			children = (
				B388B9F5241FFC1A008A7E7A /* VNGRS-MovieAPP */,
				B388B9F4241FFC1A008A7E7A /* Products */,
				B388BA0E2420132A008A7E7A /* Frameworks */,
			);
			sourceTree = "<group>";
		};
		B388B9F4241FFC1A008A7E7A /* Products */ = {
			isa = PBXGroup;
			children = (
				B388B9F3241FFC1A008A7E7A /* VNGRS-MovieAPP.app */,
			);
			name = Products;
			sourceTree = "<group>";
		};
		B388B9F5241FFC1A008A7E7A /* VNGRS-MovieAPP */ = {
			isa = PBXGroup;
			children = (
				B3B09C66242107050053ABEA /* View */,
				B388BA532420D861008A7E7A /* ViewModel */,
				B388BA522420D859008A7E7A /* Controller */,
				B388BA4D2420B6D6008A7E7A /* Extensions */,
				B388BA4924201FB7008A7E7A /* Services */,
				B388BA4624201F53008A7E7A /* Models */,
				B388B9F6241FFC1A008A7E7A /* AppDelegate.swift */,
				B388B9F8241FFC1A008A7E7A /* SceneDelegate.swift */,
				B388B9FC241FFC1A008A7E7A /* Main.storyboard */,
				B388B9FF241FFC1C008A7E7A /* Assets.xcassets */,
				B388BA01241FFC1C008A7E7A /* LaunchScreen.storyboard */,
				B388BA04241FFC1C008A7E7A /* Info.plist */,
				B388BA582420FD4C008A7E7A /* BindableType.swift */,
				B3B09C6B24210B280053ABEA /* Configurable.swift */,
			);
			path = "VNGRS-MovieAPP";
			sourceTree = "<group>";
		};
		B388BA0E2420132A008A7E7A /* Frameworks */ = {
			isa = PBXGroup;
			children = (
				B388BA112420132A008A7E7A /* Action.framework */,
				B388BA1F2420132A008A7E7A /* Alamofire.framework */,
				B388BA1C2420132A008A7E7A /* Differentiator.framework */,
				B388BA132420132A008A7E7A /* Moya.framework */,
				B388BA0F2420132A008A7E7A /* NSObject_Rx.framework */,
				B388BA162420132A008A7E7A /* ReactiveMoya.framework */,
				B388BA152420132A008A7E7A /* ReactiveSwift.framework */,
				B388BA1E2420132A008A7E7A /* RxBlocking.framework */,
				B388BA142420132A008A7E7A /* RxCocoa.framework */,
				B388BA172420132A008A7E7A /* RxDataSources.framework */,
				B388BA102420132A008A7E7A /* RxMoya.framework */,
				B388BA192420132A008A7E7A /* RxRelay.framework */,
				B388BA182420132A008A7E7A /* RxSwift.framework */,
				B388BA122420132A008A7E7A /* RxSwiftExt.framework */,
				B388BA1D2420132A008A7E7A /* RxTest.framework */,
				B388BA1A2420132A008A7E7A /* Swinject.framework */,
				B388BA1B2420132A008A7E7A /* SwinjectAutoregistration.framework */,
			);
			name = Frameworks;
			sourceTree = "<group>";
		};
		B388BA4624201F53008A7E7A /* Models */ = {
			isa = PBXGroup;
			children = (
				B388BA4724201F70008A7E7A /* Movie.swift */,
			);
			path = Models;
			sourceTree = "<group>";
		};
		B388BA4924201FB7008A7E7A /* Services */ = {
			isa = PBXGroup;
			children = (
				B388BA4A24201FC8008A7E7A /* MockService */,
				B388BA562420F15E008A7E7A /* MovieService.swift */,
			);
			path = Services;
			sourceTree = "<group>";
		};
		B388BA4A24201FC8008A7E7A /* MockService */ = {
			isa = PBXGroup;
			children = (
				B388BA4B24201FFC008A7E7A /* MovieMock.swift */,
			);
			path = MockService;
			sourceTree = "<group>";
		};
		B388BA4D2420B6D6008A7E7A /* Extensions */ = {
			isa = PBXGroup;
			children = (
				B388BA4E2420B6E9008A7E7A /* SwInject.swift */,
			);
			path = Extensions;
			sourceTree = "<group>";
		};
		B388BA522420D859008A7E7A /* Controller */ = {
			isa = PBXGroup;
			children = (
				B388B9FA241FFC1A008A7E7A /* ViewController.swift */,
			);
			path = Controller;
			sourceTree = "<group>";
		};
		B388BA532420D861008A7E7A /* ViewModel */ = {
			isa = PBXGroup;
			children = (
				B388BA542420ECF2008A7E7A /* ViewModel.swift */,
			);
			path = ViewModel;
			sourceTree = "<group>";
		};
		B3B09C66242107050053ABEA /* View */ = {
			isa = PBXGroup;
			children = (
				B3B09C67242107130053ABEA /* MovieCell.swift */,
				B3B09C69242108160053ABEA /* MovieCell.xib */,
			);
			path = View;
			sourceTree = "<group>";
		};
/* End PBXGroup section */

/* Begin PBXNativeTarget section */
		B388B9F2241FFC1A008A7E7A /* VNGRS-MovieAPP */ = {
			isa = PBXNativeTarget;
			buildConfigurationList = B388BA07241FFC1C008A7E7A /* Build configuration list for PBXNativeTarget "VNGRS-MovieAPP" */;
			buildPhases = (
				B388B9EF241FFC1A008A7E7A /* Sources */,
				B388B9F0241FFC1A008A7E7A /* Frameworks */,
				B388B9F1241FFC1A008A7E7A /* Resources */,
				B388BA422420132B008A7E7A /* Embed Frameworks */,
			);
			buildRules = (
			);
			dependencies = (
			);
			name = "VNGRS-MovieAPP";
			productName = "VNGRS-MovieAPP";
			productReference = B388B9F3241FFC1A008A7E7A /* VNGRS-MovieAPP.app */;
			productType = "com.apple.product-type.application";
		};
/* End PBXNativeTarget section */

/* Begin PBXProject section */
		B388B9EB241FFC1A008A7E7A /* Project object */ = {
			isa = PBXProject;
			attributes = {
				LastSwiftUpdateCheck = 1130;
				LastUpgradeCheck = 1130;
				ORGANIZATIONNAME = "Burak Kelleroğlu";
				TargetAttributes = {
					B388B9F2241FFC1A008A7E7A = {
						CreatedOnToolsVersion = 11.3.1;
					};
				};
			};
			buildConfigurationList = B388B9EE241FFC1A008A7E7A /* Build configuration list for PBXProject "VNGRS-MovieAPP" */;
			compatibilityVersion = "Xcode 9.3";
			developmentRegion = en;
			hasScannedForEncodings = 0;
			knownRegions = (
				en,
				Base,
			);
			mainGroup = B388B9EA241FFC1A008A7E7A;
			productRefGroup = B388B9F4241FFC1A008A7E7A /* Products */;
			projectDirPath = "";
			projectRoot = "";
			targets = (
				B388B9F2241FFC1A008A7E7A /* VNGRS-MovieAPP */,
			);
		};
/* End PBXProject section */

/* Begin PBXResourcesBuildPhase section */
		B388B9F1241FFC1A008A7E7A /* Resources */ = {
			isa = PBXResourcesBuildPhase;
			buildActionMask = 2147483647;
			files = (
				B388BA03241FFC1C008A7E7A /* LaunchScreen.storyboard in Resources */,
				B388BA00241FFC1C008A7E7A /* Assets.xcassets in Resources */,
				B3B09C6A242108160053ABEA /* MovieCell.xib in Resources */,
				B388B9FE241FFC1A008A7E7A /* Main.storyboard in Resources */,
			);
			runOnlyForDeploymentPostprocessing = 0;
		};
/* End PBXResourcesBuildPhase section */

/* Begin PBXSourcesBuildPhase section */
		B388B9EF241FFC1A008A7E7A /* Sources */ = {
			isa = PBXSourcesBuildPhase;
			buildActionMask = 2147483647;
			files = (
				B388BA552420ECF2008A7E7A /* ViewModel.swift in Sources */,
				B388BA592420FD4C008A7E7A /* BindableType.swift in Sources */,
				B388B9FB241FFC1A008A7E7A /* ViewController.swift in Sources */,
				B388BA4C24201FFC008A7E7A /* MovieMock.swift in Sources */,
				B388B9F7241FFC1A008A7E7A /* AppDelegate.swift in Sources */,
				B3B09C6C24210B280053ABEA /* Configurable.swift in Sources */,
				B388BA4824201F70008A7E7A /* Movie.swift in Sources */,
				B388BA4F2420B6E9008A7E7A /* SwInject.swift in Sources */,
				B388BA572420F15E008A7E7A /* MovieService.swift in Sources */,
				B3B09C68242107130053ABEA /* MovieCell.swift in Sources */,
				B388B9F9241FFC1A008A7E7A /* SceneDelegate.swift in Sources */,
			);
			runOnlyForDeploymentPostprocessing = 0;
		};
/* End PBXSourcesBuildPhase section */

/* Begin PBXVariantGroup section */
		B388B9FC241FFC1A008A7E7A /* Main.storyboard */ = {
			isa = PBXVariantGroup;
			children = (
				B388B9FD241FFC1A008A7E7A /* Base */,
			);
			name = Main.storyboard;
			sourceTree = "<group>";
		};
		B388BA01241FFC1C008A7E7A /* LaunchScreen.storyboard */ = {
			isa = PBXVariantGroup;
			children = (
				B388BA02241FFC1C008A7E7A /* Base */,
			);
			name = LaunchScreen.storyboard;
			sourceTree = "<group>";
		};
/* End PBXVariantGroup section */

/* Begin XCBuildConfiguration section */
		B388BA05241FFC1C008A7E7A /* Debug */ = {
			isa = XCBuildConfiguration;
			buildSettings = {
				ALWAYS_SEARCH_USER_PATHS = NO;
				CLANG_ANALYZER_NONNULL = YES;
				CLANG_ANALYZER_NUMBER_OBJECT_CONVERSION = YES_AGGRESSIVE;
				CLANG_CXX_LANGUAGE_STANDARD = "gnu++14";
				CLANG_CXX_LIBRARY = "libc++";
				CLANG_ENABLE_MODULES = YES;
				CLANG_ENABLE_OBJC_ARC = YES;
				CLANG_ENABLE_OBJC_WEAK = YES;
				CLANG_WARN_BLOCK_CAPTURE_AUTORELEASING = YES;
				CLANG_WARN_BOOL_CONVERSION = YES;
				CLANG_WARN_COMMA = YES;
				CLANG_WARN_CONSTANT_CONVERSION = YES;
				CLANG_WARN_DEPRECATED_OBJC_IMPLEMENTATIONS = YES;
				CLANG_WARN_DIRECT_OBJC_ISA_USAGE = YES_ERROR;
				CLANG_WARN_DOCUMENTATION_COMMENTS = YES;
				CLANG_WARN_EMPTY_BODY = YES;
				CLANG_WARN_ENUM_CONVERSION = YES;
				CLANG_WARN_INFINITE_RECURSION = YES;
				CLANG_WARN_INT_CONVERSION = YES;
				CLANG_WARN_NON_LITERAL_NULL_CONVERSION = YES;
				CLANG_WARN_OBJC_IMPLICIT_RETAIN_SELF = YES;
				CLANG_WARN_OBJC_LITERAL_CONVERSION = YES;
				CLANG_WARN_OBJC_ROOT_CLASS = YES_ERROR;
				CLANG_WARN_RANGE_LOOP_ANALYSIS = YES;
				CLANG_WARN_STRICT_PROTOTYPES = YES;
				CLANG_WARN_SUSPICIOUS_MOVE = YES;
				CLANG_WARN_UNGUARDED_AVAILABILITY = YES_AGGRESSIVE;
				CLANG_WARN_UNREACHABLE_CODE = YES;
				CLANG_WARN__DUPLICATE_METHOD_MATCH = YES;
				COPY_PHASE_STRIP = NO;
				DEBUG_INFORMATION_FORMAT = dwarf;
				ENABLE_STRICT_OBJC_MSGSEND = YES;
				ENABLE_TESTABILITY = YES;
				GCC_C_LANGUAGE_STANDARD = gnu11;
				GCC_DYNAMIC_NO_PIC = NO;
				GCC_NO_COMMON_BLOCKS = YES;
				GCC_OPTIMIZATION_LEVEL = 0;
				GCC_PREPROCESSOR_DEFINITIONS = (
					"DEBUG=1",
					"$(inherited)",
				);
				GCC_WARN_64_TO_32_BIT_CONVERSION = YES;
				GCC_WARN_ABOUT_RETURN_TYPE = YES_ERROR;
				GCC_WARN_UNDECLARED_SELECTOR = YES;
				GCC_WARN_UNINITIALIZED_AUTOS = YES_AGGRESSIVE;
				GCC_WARN_UNUSED_FUNCTION = YES;
				GCC_WARN_UNUSED_VARIABLE = YES;
				IPHONEOS_DEPLOYMENT_TARGET = 13.2;
				MTL_ENABLE_DEBUG_INFO = INCLUDE_SOURCE;
				MTL_FAST_MATH = YES;
				ONLY_ACTIVE_ARCH = YES;
				SDKROOT = iphoneos;
				SWIFT_ACTIVE_COMPILATION_CONDITIONS = DEBUG;
				SWIFT_OPTIMIZATION_LEVEL = "-Onone";
			};
			name = Debug;
		};
		B388BA06241FFC1C008A7E7A /* Release */ = {
			isa = XCBuildConfiguration;
			buildSettings = {
				ALWAYS_SEARCH_USER_PATHS = NO;
				CLANG_ANALYZER_NONNULL = YES;
				CLANG_ANALYZER_NUMBER_OBJECT_CONVERSION = YES_AGGRESSIVE;
				CLANG_CXX_LANGUAGE_STANDARD = "gnu++14";
				CLANG_CXX_LIBRARY = "libc++";
				CLANG_ENABLE_MODULES = YES;
				CLANG_ENABLE_OBJC_ARC = YES;
				CLANG_ENABLE_OBJC_WEAK = YES;
				CLANG_WARN_BLOCK_CAPTURE_AUTORELEASING = YES;
				CLANG_WARN_BOOL_CONVERSION = YES;
				CLANG_WARN_COMMA = YES;
				CLANG_WARN_CONSTANT_CONVERSION = YES;
				CLANG_WARN_DEPRECATED_OBJC_IMPLEMENTATIONS = YES;
				CLANG_WARN_DIRECT_OBJC_ISA_USAGE = YES_ERROR;
				CLANG_WARN_DOCUMENTATION_COMMENTS = YES;
				CLANG_WARN_EMPTY_BODY = YES;
				CLANG_WARN_ENUM_CONVERSION = YES;
				CLANG_WARN_INFINITE_RECURSION = YES;
				CLANG_WARN_INT_CONVERSION = YES;
				CLANG_WARN_NON_LITERAL_NULL_CONVERSION = YES;
				CLANG_WARN_OBJC_IMPLICIT_RETAIN_SELF = YES;
				CLANG_WARN_OBJC_LITERAL_CONVERSION = YES;
				CLANG_WARN_OBJC_ROOT_CLASS = YES_ERROR;
				CLANG_WARN_RANGE_LOOP_ANALYSIS = YES;
				CLANG_WARN_STRICT_PROTOTYPES = YES;
				CLANG_WARN_SUSPICIOUS_MOVE = YES;
				CLANG_WARN_UNGUARDED_AVAILABILITY = YES_AGGRESSIVE;
				CLANG_WARN_UNREACHABLE_CODE = YES;
				CLANG_WARN__DUPLICATE_METHOD_MATCH = YES;
				COPY_PHASE_STRIP = NO;
				DEBUG_INFORMATION_FORMAT = "dwarf-with-dsym";
				ENABLE_NS_ASSERTIONS = NO;
				ENABLE_STRICT_OBJC_MSGSEND = YES;
				GCC_C_LANGUAGE_STANDARD = gnu11;
				GCC_NO_COMMON_BLOCKS = YES;
				GCC_WARN_64_TO_32_BIT_CONVERSION = YES;
				GCC_WARN_ABOUT_RETURN_TYPE = YES_ERROR;
				GCC_WARN_UNDECLARED_SELECTOR = YES;
				GCC_WARN_UNINITIALIZED_AUTOS = YES_AGGRESSIVE;
				GCC_WARN_UNUSED_FUNCTION = YES;
				GCC_WARN_UNUSED_VARIABLE = YES;
				IPHONEOS_DEPLOYMENT_TARGET = 13.2;
				MTL_ENABLE_DEBUG_INFO = NO;
				MTL_FAST_MATH = YES;
				SDKROOT = iphoneos;
				SWIFT_COMPILATION_MODE = wholemodule;
				SWIFT_OPTIMIZATION_LEVEL = "-O";
				VALIDATE_PRODUCT = YES;
			};
			name = Release;
		};
		B388BA08241FFC1C008A7E7A /* Debug */ = {
			isa = XCBuildConfiguration;
			buildSettings = {
				ASSETCATALOG_COMPILER_APPICON_NAME = AppIcon;
				CODE_SIGN_STYLE = Automatic;
				DEVELOPMENT_TEAM = UMRUR4ZKT4;
				FRAMEWORK_SEARCH_PATHS = (
					"$(inherited)",
					"$(PROJECT_DIR)/Carthage/Build/iOS",
				);
				INFOPLIST_FILE = "VNGRS-MovieAPP/Info.plist";
				LD_RUNPATH_SEARCH_PATHS = (
					"$(inherited)",
					"@executable_path/Frameworks",
				);
				PRODUCT_BUNDLE_IDENTIFIER = "bkelleroglu.VNGRS-MovieAPP";
				PRODUCT_NAME = "$(TARGET_NAME)";
				SWIFT_VERSION = 5.0;
				TARGETED_DEVICE_FAMILY = "1,2";
			};
			name = Debug;
		};
		B388BA09241FFC1C008A7E7A /* Release */ = {
			isa = XCBuildConfiguration;
			buildSettings = {
				ASSETCATALOG_COMPILER_APPICON_NAME = AppIcon;
				CODE_SIGN_STYLE = Automatic;
				DEVELOPMENT_TEAM = UMRUR4ZKT4;
				FRAMEWORK_SEARCH_PATHS = (
					"$(inherited)",
					"$(PROJECT_DIR)/Carthage/Build/iOS",
				);
				INFOPLIST_FILE = "VNGRS-MovieAPP/Info.plist";
				LD_RUNPATH_SEARCH_PATHS = (
					"$(inherited)",
					"@executable_path/Frameworks",
				);
				PRODUCT_BUNDLE_IDENTIFIER = "bkelleroglu.VNGRS-MovieAPP";
				PRODUCT_NAME = "$(TARGET_NAME)";
				SWIFT_VERSION = 5.0;
				TARGETED_DEVICE_FAMILY = "1,2";
			};
			name = Release;
		};
		B388BA502420BD07008A7E7A /* Mock */ = {
			isa = XCBuildConfiguration;
			buildSettings = {
				ALWAYS_SEARCH_USER_PATHS = NO;
				CLANG_ANALYZER_NONNULL = YES;
				CLANG_ANALYZER_NUMBER_OBJECT_CONVERSION = YES_AGGRESSIVE;
				CLANG_CXX_LANGUAGE_STANDARD = "gnu++14";
				CLANG_CXX_LIBRARY = "libc++";
				CLANG_ENABLE_MODULES = YES;
				CLANG_ENABLE_OBJC_ARC = YES;
				CLANG_ENABLE_OBJC_WEAK = YES;
				CLANG_WARN_BLOCK_CAPTURE_AUTORELEASING = YES;
				CLANG_WARN_BOOL_CONVERSION = YES;
				CLANG_WARN_COMMA = YES;
				CLANG_WARN_CONSTANT_CONVERSION = YES;
				CLANG_WARN_DEPRECATED_OBJC_IMPLEMENTATIONS = YES;
				CLANG_WARN_DIRECT_OBJC_ISA_USAGE = YES_ERROR;
				CLANG_WARN_DOCUMENTATION_COMMENTS = YES;
				CLANG_WARN_EMPTY_BODY = YES;
				CLANG_WARN_ENUM_CONVERSION = YES;
				CLANG_WARN_INFINITE_RECURSION = YES;
				CLANG_WARN_INT_CONVERSION = YES;
				CLANG_WARN_NON_LITERAL_NULL_CONVERSION = YES;
				CLANG_WARN_OBJC_IMPLICIT_RETAIN_SELF = YES;
				CLANG_WARN_OBJC_LITERAL_CONVERSION = YES;
				CLANG_WARN_OBJC_ROOT_CLASS = YES_ERROR;
				CLANG_WARN_RANGE_LOOP_ANALYSIS = YES;
				CLANG_WARN_STRICT_PROTOTYPES = YES;
				CLANG_WARN_SUSPICIOUS_MOVE = YES;
				CLANG_WARN_UNGUARDED_AVAILABILITY = YES_AGGRESSIVE;
				CLANG_WARN_UNREACHABLE_CODE = YES;
				CLANG_WARN__DUPLICATE_METHOD_MATCH = YES;
				COPY_PHASE_STRIP = NO;
				DEBUG_INFORMATION_FORMAT = dwarf;
				ENABLE_STRICT_OBJC_MSGSEND = YES;
				ENABLE_TESTABILITY = YES;
				GCC_C_LANGUAGE_STANDARD = gnu11;
				GCC_DYNAMIC_NO_PIC = NO;
				GCC_NO_COMMON_BLOCKS = YES;
				GCC_OPTIMIZATION_LEVEL = 0;
				GCC_PREPROCESSOR_DEFINITIONS = (
					"DEBUG=1",
					"$(inherited)",
				);
				GCC_WARN_64_TO_32_BIT_CONVERSION = YES;
				GCC_WARN_ABOUT_RETURN_TYPE = YES_ERROR;
				GCC_WARN_UNDECLARED_SELECTOR = YES;
				GCC_WARN_UNINITIALIZED_AUTOS = YES_AGGRESSIVE;
				GCC_WARN_UNUSED_FUNCTION = YES;
				GCC_WARN_UNUSED_VARIABLE = YES;
				IPHONEOS_DEPLOYMENT_TARGET = 13.2;
				MTL_ENABLE_DEBUG_INFO = INCLUDE_SOURCE;
				MTL_FAST_MATH = YES;
				ONLY_ACTIVE_ARCH = YES;
				SDKROOT = iphoneos;
				SWIFT_ACTIVE_COMPILATION_CONDITIONS = DEBUG;
				SWIFT_OPTIMIZATION_LEVEL = "-Onone";
			};
			name = Mock;
		};
		B388BA512420BD07008A7E7A /* Mock */ = {
			isa = XCBuildConfiguration;
			buildSettings = {
				ASSETCATALOG_COMPILER_APPICON_NAME = AppIcon;
				CODE_SIGN_STYLE = Automatic;
				DEVELOPMENT_TEAM = UMRUR4ZKT4;
				FRAMEWORK_SEARCH_PATHS = (
					"$(inherited)",
					"$(PROJECT_DIR)/Carthage/Build/iOS",
				);
				INFOPLIST_FILE = "VNGRS-MovieAPP/Info.plist";
				LD_RUNPATH_SEARCH_PATHS = (
					"$(inherited)",
					"@executable_path/Frameworks",
				);
				OTHER_SWIFT_FLAGS = "-D MOCK";
				PRODUCT_BUNDLE_IDENTIFIER = "bkelleroglu.VNGRS-MovieAPP";
				PRODUCT_NAME = "$(TARGET_NAME)";
				SWIFT_VERSION = 5.0;
				TARGETED_DEVICE_FAMILY = "1,2";
			};
			name = Mock;
		};
/* End XCBuildConfiguration section */

/* Begin XCConfigurationList section */
		B388B9EE241FFC1A008A7E7A /* Build configuration list for PBXProject "VNGRS-MovieAPP" */ = {
			isa = XCConfigurationList;
			buildConfigurations = (
				B388BA05241FFC1C008A7E7A /* Debug */,
				B388BA502420BD07008A7E7A /* Mock */,
				B388BA06241FFC1C008A7E7A /* Release */,
			);
			defaultConfigurationIsVisible = 0;
			defaultConfigurationName = Release;
		};
		B388BA07241FFC1C008A7E7A /* Build configuration list for PBXNativeTarget "VNGRS-MovieAPP" */ = {
			isa = XCConfigurationList;
			buildConfigurations = (
				B388BA08241FFC1C008A7E7A /* Debug */,
				B388BA512420BD07008A7E7A /* Mock */,
				B388BA09241FFC1C008A7E7A /* Release */,
			);
			defaultConfigurationIsVisible = 0;
			defaultConfigurationName = Release;
		};
/* End XCConfigurationList section */
	};
	rootObject = B388B9EB241FFC1A008A7E7A /* Project object */;
}
